
Microsoft Visual Studio Solution File, Format Version 12.00
# Visual Studio Version 16
VisualStudioVersion = 16.0.29709.97
MinimumVisualStudioVersion = 10.0.40219.1
Project("{FAE04EC0-301F-11D3-BF4B-00C04F79EFBC}") = "MorePartsMod", "MoreParts\MorePartsMod.csproj", "{BA241F55-D6BB-4E78-956A-28F3204FEC8D}"
EndProject
Project("{FAE04EC0-301F-11D3-BF4B-00C04F79EFBC}") = "MorePartsUnity", "MorePartsUnity\MorePartsUnity.csproj", "{D7F01875-66B5-41C2-A3F3-0DCBC3AE2216}"
EndProject
Global
	GlobalSection(SolutionConfigurationPlatforms) = preSolution
		Debug|Any CPU = Debug|Any CPU
		Release|Any CPU = Release|Any CPU
	EndGlobalSection
	GlobalSection(ProjectConfigurationPlatforms) = postSolution
		{BA241F55-D6BB-4E78-956A-28F3204FEC8D}.Debug|Any CPU.ActiveCfg = Debug|Any CPU
		{BA241F55-D6BB-4E78-956A-28F3204FEC8D}.Debug|Any CPU.Build.0 = Debug|Any CPU
		{BA241F55-D6BB-4E78-956A-28F3204FEC8D}.Release|Any CPU.ActiveCfg = Release|Any CPU
		{BA241F55-D6BB-4E78-956A-28F3204FEC8D}.Release|Any CPU.Build.0 = Release|Any CPU
		{D7F01875-66B5-41C2-A3F3-0DCBC3AE2216}.Debug|Any CPU.ActiveCfg = Debug|Any CPU
		{D7F01875-66B5-41C2-A3F3-0DCBC3AE2216}.Debug|Any CPU.Build.0 = Debug|Any CPU
		{D7F01875-66B5-41C2-A3F3-0DCBC3AE2216}.Release|Any CPU.ActiveCfg = Release|Any CPU
		{D7F01875-66B5-41C2-A3F3-0DCBC3AE2216}.Release|Any CPU.Build.0 = Release|Any CPU
	EndGlobalSection
	GlobalSection(SolutionProperties) = preSolution
		HideSolutionNode = FALSE
	EndGlobalSection
	GlobalSection(ExtensibilityGlobals) = postSolution
		SolutionGuid = {ADEC9873-64FD-4869-8FDF-AF5E6C468DF0}
	EndGlobalSection
EndGlobal
